
Microsoft Visual Studio Solution File, Format Version 12.00
# Visual Studio Version 17
VisualStudioVersion = 17.2.32526.322
MinimumVisualStudioVersion = 10.0.40219.1
Project("{FAE04EC0-301F-11D3-BF4B-00C04F79EFBC}") = "Lox", "Lox.csproj", "{588F3906-3F5E-4359-BD72-1582B39AAFCB}"
EndProject
Global
	GlobalSection(SolutionConfigurationPlatforms) = preSolution
		Debug|Any CPU = Debug|Any CPU
		Release|Any CPU = Release|Any CPU
	EndGlobalSection
	GlobalSection(ProjectConfigurationPlatforms) = postSolution
		{588F3906-3F5E-4359-BD72-1582B39AAFCB}.Debug|Any CPU.ActiveCfg = Debug|Any CPU
		{588F3906-3F5E-4359-BD72-1582B39AAFCB}.Debug|Any CPU.Build.0 = Debug|Any CPU
		{588F3906-3F5E-4359-BD72-1582B39AAFCB}.Release|Any CPU.ActiveCfg = Release|Any CPU
		{588F3906-3F5E-4359-BD72-1582B39AAFCB}.Release|Any CPU.Build.0 = Release|Any CPU
	EndGlobalSection
	GlobalSection(SolutionProperties) = preSolution
		HideSolutionNode = FALSE
	EndGlobalSection
	GlobalSection(ExtensibilityGlobals) = postSolution
		SolutionGuid = {55C6DF24-700F-4C7E-A08B-5AB869D373DC}
	EndGlobalSection
EndGlobal
